// !$*UTF8*$!
{
	archiveVersion = 1;
	classes = {
	};
	objectVersion = 55;
	objects = {

/* Begin PBXBuildFile section */
		5239035828B0DD2000624833 /* TabBar.swift in Sources */ = {isa = PBXBuildFile; fileRef = 5239035728B0DD2000624833 /* TabBar.swift */; };
		5239035A28B0E12700624833 /* Shapes.swift in Sources */ = {isa = PBXBuildFile; fileRef = 5239035928B0E12700624833 /* Shapes.swift */; };
		5239035D28B0E6FB00624833 /* BottomSheet in Frameworks */ = {isa = PBXBuildFile; productRef = 5239035C28B0E6FB00624833 /* BottomSheet */; };
		5239035F28B0E95500624833 /* ForecastView.swift in Sources */ = {isa = PBXBuildFile; fileRef = 5239035E28B0E95500624833 /* ForecastView.swift */; };
		5239036128B0ED1600624833 /* Blur.swift in Sources */ = {isa = PBXBuildFile; fileRef = 5239036028B0ED1600624833 /* Blur.swift */; };
		5239036328B0FE2700624833 /* SegmentedControl.swift in Sources */ = {isa = PBXBuildFile; fileRef = 5239036228B0FE2700624833 /* SegmentedControl.swift */; };
		5239036528B104D000624833 /* ForecastModel.swift in Sources */ = {isa = PBXBuildFile; fileRef = 5239036428B104D000624833 /* ForecastModel.swift */; };
		52B7482128A9052F0008F71F /* Extensions.swift in Sources */ = {isa = PBXBuildFile; fileRef = 52B7482028A9052F0008F71F /* Extensions.swift */; };
		52B7482328A906C00008F71F /* HomeView.swift in Sources */ = {isa = PBXBuildFile; fileRef = 52B7482228A906C00008F71F /* HomeView.swift */; };
		52CC70DD289FDA6E00B53299 /* AnimatedWeatherAppApp.swift in Sources */ = {isa = PBXBuildFile; fileRef = 52CC70DC289FDA6E00B53299 /* AnimatedWeatherAppApp.swift */; };
		52CC70DF289FDA6E00B53299 /* ContentView.swift in Sources */ = {isa = PBXBuildFile; fileRef = 52CC70DE289FDA6E00B53299 /* ContentView.swift */; };
		52CC70E1289FDA7000B53299 /* Assets.xcassets in Resources */ = {isa = PBXBuildFile; fileRef = 52CC70E0289FDA7000B53299 /* Assets.xcassets */; };
		52CC70E4289FDA7000B53299 /* Preview Assets.xcassets in Resources */ = {isa = PBXBuildFile; fileRef = 52CC70E3289FDA7000B53299 /* Preview Assets.xcassets */; };
/* End PBXBuildFile section */

/* Begin PBXFileReference section */
		5239035728B0DD2000624833 /* TabBar.swift */ = {isa = PBXFileReference; lastKnownFileType = sourcecode.swift; path = TabBar.swift; sourceTree = "<group>"; };
		5239035928B0E12700624833 /* Shapes.swift */ = {isa = PBXFileReference; lastKnownFileType = sourcecode.swift; path = Shapes.swift; sourceTree = "<group>"; };
		5239035E28B0E95500624833 /* ForecastView.swift */ = {isa = PBXFileReference; lastKnownFileType = sourcecode.swift; path = ForecastView.swift; sourceTree = "<group>"; };
		5239036028B0ED1600624833 /* Blur.swift */ = {isa = PBXFileReference; lastKnownFileType = sourcecode.swift; path = Blur.swift; sourceTree = "<group>"; };
		5239036228B0FE2700624833 /* SegmentedControl.swift */ = {isa = PBXFileReference; lastKnownFileType = sourcecode.swift; path = SegmentedControl.swift; sourceTree = "<group>"; };
		5239036428B104D000624833 /* ForecastModel.swift */ = {isa = PBXFileReference; lastKnownFileType = sourcecode.swift; path = ForecastModel.swift; sourceTree = "<group>"; };
		52B7482028A9052F0008F71F /* Extensions.swift */ = {isa = PBXFileReference; lastKnownFileType = sourcecode.swift; path = Extensions.swift; sourceTree = "<group>"; };
		52B7482228A906C00008F71F /* HomeView.swift */ = {isa = PBXFileReference; lastKnownFileType = sourcecode.swift; path = HomeView.swift; sourceTree = "<group>"; };
		52CC70D9289FDA6E00B53299 /* AnimatedWeatherApp.app */ = {isa = PBXFileReference; explicitFileType = wrapper.application; includeInIndex = 0; path = AnimatedWeatherApp.app; sourceTree = BUILT_PRODUCTS_DIR; };
		52CC70DC289FDA6E00B53299 /* AnimatedWeatherAppApp.swift */ = {isa = PBXFileReference; lastKnownFileType = sourcecode.swift; path = AnimatedWeatherAppApp.swift; sourceTree = "<group>"; };
		52CC70DE289FDA6E00B53299 /* ContentView.swift */ = {isa = PBXFileReference; lastKnownFileType = sourcecode.swift; path = ContentView.swift; sourceTree = "<group>"; };
		52CC70E0289FDA7000B53299 /* Assets.xcassets */ = {isa = PBXFileReference; lastKnownFileType = folder.assetcatalog; path = Assets.xcassets; sourceTree = "<group>"; };
		52CC70E3289FDA7000B53299 /* Preview Assets.xcassets */ = {isa = PBXFileReference; lastKnownFileType = folder.assetcatalog; path = "Preview Assets.xcassets"; sourceTree = "<group>"; };
/* End PBXFileReference section */

/* Begin PBXFrameworksBuildPhase section */
		52CC70D6289FDA6E00B53299 /* Frameworks */ = {
			isa = PBXFrameworksBuildPhase;
			buildActionMask = 2147483647;
			files = (
				5239035D28B0E6FB00624833 /* BottomSheet in Frameworks */,
			);
			runOnlyForDeploymentPostprocessing = 0;
		};
/* End PBXFrameworksBuildPhase section */

/* Begin PBXGroup section */
		52B7481928A8FFEF0008F71F /* Views */ = {
			isa = PBXGroup;
			children = (
				52B7481C28A9004E0008F71F /* Main */,
				52B7481D28A900590008F71F /* Navigation */,
				52B7481E28A900640008F71F /* Detail */,
				52B7481F28A900720008F71F /* Components */,
			);
			path = Views;
			sourceTree = "<group>";
		};
		52B7481A28A900020008F71F /* Models */ = {
			isa = PBXGroup;
			children = (
				5239036428B104D000624833 /* ForecastModel.swift */,
			);
			path = Models;
			sourceTree = "<group>";
		};
		52B7481B28A9001D0008F71F /* Utils */ = {
			isa = PBXGroup;
			children = (
				52B7482028A9052F0008F71F /* Extensions.swift */,
				5239035928B0E12700624833 /* Shapes.swift */,
			);
			path = Utils;
			sourceTree = "<group>";
		};
		52B7481C28A9004E0008F71F /* Main */ = {
			isa = PBXGroup;
			children = (
				52CC70DE289FDA6E00B53299 /* ContentView.swift */,
				52B7482228A906C00008F71F /* HomeView.swift */,
			);
			path = Main;
			sourceTree = "<group>";
		};
		52B7481D28A900590008F71F /* Navigation */ = {
			isa = PBXGroup;
			children = (
				5239035728B0DD2000624833 /* TabBar.swift */,
			);
			path = Navigation;
			sourceTree = "<group>";
		};
		52B7481E28A900640008F71F /* Detail */ = {
			isa = PBXGroup;
			children = (
				5239035E28B0E95500624833 /* ForecastView.swift */,
			);
			path = Detail;
			sourceTree = "<group>";
		};
		52B7481F28A900720008F71F /* Components */ = {
			isa = PBXGroup;
			children = (
				5239036028B0ED1600624833 /* Blur.swift */,
				5239036228B0FE2700624833 /* SegmentedControl.swift */,
			);
			path = Components;
			sourceTree = "<group>";
		};
		52CC70D0289FDA6E00B53299 = {
			isa = PBXGroup;
			children = (
				52CC70DB289FDA6E00B53299 /* AnimatedWeatherApp */,
				52CC70DA289FDA6E00B53299 /* Products */,
			);
			sourceTree = "<group>";
		};
		52CC70DA289FDA6E00B53299 /* Products */ = {
			isa = PBXGroup;
			children = (
				52CC70D9289FDA6E00B53299 /* AnimatedWeatherApp.app */,
			);
			name = Products;
			sourceTree = "<group>";
		};
		52CC70DB289FDA6E00B53299 /* AnimatedWeatherApp */ = {
			isa = PBXGroup;
			children = (
				52CC70DC289FDA6E00B53299 /* AnimatedWeatherAppApp.swift */,
				52B7481928A8FFEF0008F71F /* Views */,
				52B7481A28A900020008F71F /* Models */,
				52B7481B28A9001D0008F71F /* Utils */,
				52CC70E0289FDA7000B53299 /* Assets.xcassets */,
				52CC70E2289FDA7000B53299 /* Preview Content */,
			);
			path = AnimatedWeatherApp;
			sourceTree = "<group>";
		};
		52CC70E2289FDA7000B53299 /* Preview Content */ = {
			isa = PBXGroup;
			children = (
				52CC70E3289FDA7000B53299 /* Preview Assets.xcassets */,
			);
			path = "Preview Content";
			sourceTree = "<group>";
		};
/* End PBXGroup section */

/* Begin PBXNativeTarget section */
		52CC70D8289FDA6E00B53299 /* AnimatedWeatherApp */ = {
			isa = PBXNativeTarget;
			buildConfigurationList = 52CC70E7289FDA7000B53299 /* Build configuration list for PBXNativeTarget "AnimatedWeatherApp" */;
			buildPhases = (
				52CC70D5289FDA6E00B53299 /* Sources */,
				52CC70D6289FDA6E00B53299 /* Frameworks */,
				52CC70D7289FDA6E00B53299 /* Resources */,
			);
			buildRules = (
			);
			dependencies = (
			);
			name = AnimatedWeatherApp;
			packageProductDependencies = (
				5239035C28B0E6FB00624833 /* BottomSheet */,
			);
			productName = AnimatedWeatherApp;
			productReference = 52CC70D9289FDA6E00B53299 /* AnimatedWeatherApp.app */;
			productType = "com.apple.product-type.application";
		};
/* End PBXNativeTarget section */

/* Begin PBXProject section */
		52CC70D1289FDA6E00B53299 /* Project object */ = {
			isa = PBXProject;
			attributes = {
				BuildIndependentTargetsInParallel = 1;
				LastSwiftUpdateCheck = 1340;
				LastUpgradeCheck = 1340;
				TargetAttributes = {
					52CC70D8289FDA6E00B53299 = {
						CreatedOnToolsVersion = 13.4.1;
					};
				};
			};
			buildConfigurationList = 52CC70D4289FDA6E00B53299 /* Build configuration list for PBXProject "AnimatedWeatherApp" */;
			compatibilityVersion = "Xcode 13.0";
			developmentRegion = en;
			hasScannedForEncodings = 0;
			knownRegions = (
				en,
				Base,
			);
			mainGroup = 52CC70D0289FDA6E00B53299;
			packageReferences = (
				5239035B28B0E6FB00624833 /* XCRemoteSwiftPackageReference "BottomSheet" */,
			);
			productRefGroup = 52CC70DA289FDA6E00B53299 /* Products */;
			projectDirPath = "";
			projectRoot = "";
			targets = (
				52CC70D8289FDA6E00B53299 /* AnimatedWeatherApp */,
			);
		};
/* End PBXProject section */

/* Begin PBXResourcesBuildPhase section */
		52CC70D7289FDA6E00B53299 /* Resources */ = {
			isa = PBXResourcesBuildPhase;
			buildActionMask = 2147483647;
			files = (
				52CC70E4289FDA7000B53299 /* Preview Assets.xcassets in Resources */,
				52CC70E1289FDA7000B53299 /* Assets.xcassets in Resources */,
			);
			runOnlyForDeploymentPostprocessing = 0;
		};
/* End PBXResourcesBuildPhase section */

/* Begin PBXSourcesBuildPhase section */
		52CC70D5289FDA6E00B53299 /* Sources */ = {
			isa = PBXSourcesBuildPhase;
			buildActionMask = 2147483647;
			files = (
				52CC70DF289FDA6E00B53299 /* ContentView.swift in Sources */,
				5239036328B0FE2700624833 /* SegmentedControl.swift in Sources */,
				52B7482328A906C00008F71F /* HomeView.swift in Sources */,
				5239036128B0ED1600624833 /* Blur.swift in Sources */,
				52B7482128A9052F0008F71F /* Extensions.swift in Sources */,
				52CC70DD289FDA6E00B53299 /* AnimatedWeatherAppApp.swift in Sources */,
				5239035F28B0E95500624833 /* ForecastView.swift in Sources */,
				5239035828B0DD2000624833 /* TabBar.swift in Sources */,
				5239036528B104D000624833 /* ForecastModel.swift in Sources */,
				5239035A28B0E12700624833 /* Shapes.swift in Sources */,
			);
			runOnlyForDeploymentPostprocessing = 0;
		};
/* End PBXSourcesBuildPhase section */

/* Begin XCBuildConfiguration section */
		52CC70E5289FDA7000B53299 /* Debug */ = {
			isa = XCBuildConfiguration;
			buildSettings = {
				ALWAYS_SEARCH_USER_PATHS = NO;
				CLANG_ANALYZER_NONNULL = YES;
				CLANG_ANALYZER_NUMBER_OBJECT_CONVERSION = YES_AGGRESSIVE;
				CLANG_CXX_LANGUAGE_STANDARD = "gnu++17";
				CLANG_ENABLE_MODULES = YES;
				CLANG_ENABLE_OBJC_ARC = YES;
				CLANG_ENABLE_OBJC_WEAK = YES;
				CLANG_WARN_BLOCK_CAPTURE_AUTORELEASING = YES;
				CLANG_WARN_BOOL_CONVERSION = YES;
				CLANG_WARN_COMMA = YES;
				CLANG_WARN_CONSTANT_CONVERSION = YES;
				CLANG_WARN_DEPRECATED_OBJC_IMPLEMENTATIONS = YES;
				CLANG_WARN_DIRECT_OBJC_ISA_USAGE = YES_ERROR;
				CLANG_WARN_DOCUMENTATION_COMMENTS = YES;
				CLANG_WARN_EMPTY_BODY = YES;
				CLANG_WARN_ENUM_CONVERSION = YES;
				CLANG_WARN_INFINITE_RECURSION = YES;
				CLANG_WARN_INT_CONVERSION = YES;
				CLANG_WARN_NON_LITERAL_NULL_CONVERSION = YES;
				CLANG_WARN_OBJC_IMPLICIT_RETAIN_SELF = YES;
				CLANG_WARN_OBJC_LITERAL_CONVERSION = YES;
				CLANG_WARN_OBJC_ROOT_CLASS = YES_ERROR;
				CLANG_WARN_QUOTED_INCLUDE_IN_FRAMEWORK_HEADER = YES;
				CLANG_WARN_RANGE_LOOP_ANALYSIS = YES;
				CLANG_WARN_STRICT_PROTOTYPES = YES;
				CLANG_WARN_SUSPICIOUS_MOVE = YES;
				CLANG_WARN_UNGUARDED_AVAILABILITY = YES_AGGRESSIVE;
				CLANG_WARN_UNREACHABLE_CODE = YES;
				CLANG_WARN__DUPLICATE_METHOD_MATCH = YES;
				COPY_PHASE_STRIP = NO;
				DEBUG_INFORMATION_FORMAT = dwarf;
				ENABLE_STRICT_OBJC_MSGSEND = YES;
				ENABLE_TESTABILITY = YES;
				GCC_C_LANGUAGE_STANDARD = gnu11;
				GCC_DYNAMIC_NO_PIC = NO;
				GCC_NO_COMMON_BLOCKS = YES;
				GCC_OPTIMIZATION_LEVEL = 0;
				GCC_PREPROCESSOR_DEFINITIONS = (
					"DEBUG=1",
					"$(inherited)",
				);
				GCC_WARN_64_TO_32_BIT_CONVERSION = YES;
				GCC_WARN_ABOUT_RETURN_TYPE = YES_ERROR;
				GCC_WARN_UNDECLARED_SELECTOR = YES;
				GCC_WARN_UNINITIALIZED_AUTOS = YES_AGGRESSIVE;
				GCC_WARN_UNUSED_FUNCTION = YES;
				GCC_WARN_UNUSED_VARIABLE = YES;
				IPHONEOS_DEPLOYMENT_TARGET = 15.5;
				MTL_ENABLE_DEBUG_INFO = INCLUDE_SOURCE;
				MTL_FAST_MATH = YES;
				ONLY_ACTIVE_ARCH = YES;
				SDKROOT = iphoneos;
				SWIFT_ACTIVE_COMPILATION_CONDITIONS = DEBUG;
				SWIFT_OPTIMIZATION_LEVEL = "-Onone";
			};
			name = Debug;
		};
		52CC70E6289FDA7000B53299 /* Release */ = {
			isa = XCBuildConfiguration;
			buildSettings = {
				ALWAYS_SEARCH_USER_PATHS = NO;
				CLANG_ANALYZER_NONNULL = YES;
				CLANG_ANALYZER_NUMBER_OBJECT_CONVERSION = YES_AGGRESSIVE;
				CLANG_CXX_LANGUAGE_STANDARD = "gnu++17";
				CLANG_ENABLE_MODULES = YES;
				CLANG_ENABLE_OBJC_ARC = YES;
				CLANG_ENABLE_OBJC_WEAK = YES;
				CLANG_WARN_BLOCK_CAPTURE_AUTORELEASING = YES;
				CLANG_WARN_BOOL_CONVERSION = YES;
				CLANG_WARN_COMMA = YES;
				CLANG_WARN_CONSTANT_CONVERSION = YES;
				CLANG_WARN_DEPRECATED_OBJC_IMPLEMENTATIONS = YES;
				CLANG_WARN_DIRECT_OBJC_ISA_USAGE = YES_ERROR;
				CLANG_WARN_DOCUMENTATION_COMMENTS = YES;
				CLANG_WARN_EMPTY_BODY = YES;
				CLANG_WARN_ENUM_CONVERSION = YES;
				CLANG_WARN_INFINITE_RECURSION = YES;
				CLANG_WARN_INT_CONVERSION = YES;
				CLANG_WARN_NON_LITERAL_NULL_CONVERSION = YES;
				CLANG_WARN_OBJC_IMPLICIT_RETAIN_SELF = YES;
				CLANG_WARN_OBJC_LITERAL_CONVERSION = YES;
				CLANG_WARN_OBJC_ROOT_CLASS = YES_ERROR;
				CLANG_WARN_QUOTED_INCLUDE_IN_FRAMEWORK_HEADER = YES;
				CLANG_WARN_RANGE_LOOP_ANALYSIS = YES;
				CLANG_WARN_STRICT_PROTOTYPES = YES;
				CLANG_WARN_SUSPICIOUS_MOVE = YES;
				CLANG_WARN_UNGUARDED_AVAILABILITY = YES_AGGRESSIVE;
				CLANG_WARN_UNREACHABLE_CODE = YES;
				CLANG_WARN__DUPLICATE_METHOD_MATCH = YES;
				COPY_PHASE_STRIP = NO;
				DEBUG_INFORMATION_FORMAT = "dwarf-with-dsym";
				ENABLE_NS_ASSERTIONS = NO;
				ENABLE_STRICT_OBJC_MSGSEND = YES;
				GCC_C_LANGUAGE_STANDARD = gnu11;
				GCC_NO_COMMON_BLOCKS = YES;
				GCC_WARN_64_TO_32_BIT_CONVERSION = YES;
				GCC_WARN_ABOUT_RETURN_TYPE = YES_ERROR;
				GCC_WARN_UNDECLARED_SELECTOR = YES;
				GCC_WARN_UNINITIALIZED_AUTOS = YES_AGGRESSIVE;
				GCC_WARN_UNUSED_FUNCTION = YES;
				GCC_WARN_UNUSED_VARIABLE = YES;
				IPHONEOS_DEPLOYMENT_TARGET = 15.5;
				MTL_ENABLE_DEBUG_INFO = NO;
				MTL_FAST_MATH = YES;
				SDKROOT = iphoneos;
				SWIFT_COMPILATION_MODE = wholemodule;
				SWIFT_OPTIMIZATION_LEVEL = "-O";
				VALIDATE_PRODUCT = YES;
			};
			name = Release;
		};
		52CC70E8289FDA7000B53299 /* Debug */ = {
			isa = XCBuildConfiguration;
			buildSettings = {
				ASSETCATALOG_COMPILER_APPICON_NAME = AppIcon;
				ASSETCATALOG_COMPILER_GLOBAL_ACCENT_COLOR_NAME = AccentColor;
				CODE_SIGN_STYLE = Automatic;
				CURRENT_PROJECT_VERSION = 1;
				DEVELOPMENT_ASSET_PATHS = "\"AnimatedWeatherApp/Preview Content\"";
				ENABLE_PREVIEWS = YES;
				GENERATE_INFOPLIST_FILE = YES;
				INFOPLIST_KEY_UIApplicationSceneManifest_Generation = YES;
				INFOPLIST_KEY_UIApplicationSupportsIndirectInputEvents = YES;
				INFOPLIST_KEY_UILaunchScreen_Generation = YES;
				INFOPLIST_KEY_UISupportedInterfaceOrientations_iPad = "UIInterfaceOrientationPortrait UIInterfaceOrientationPortraitUpsideDown UIInterfaceOrientationLandscapeLeft UIInterfaceOrientationLandscapeRight";
				INFOPLIST_KEY_UISupportedInterfaceOrientations_iPhone = "UIInterfaceOrientationPortrait UIInterfaceOrientationLandscapeLeft UIInterfaceOrientationLandscapeRight";
				LD_RUNPATH_SEARCH_PATHS = (
					"$(inherited)",
					"@executable_path/Frameworks",
				);
				MARKETING_VERSION = 1.0;
				PRODUCT_BUNDLE_IDENTIFIER = "com.rizos-konstantinos.AnimatedWeatherApp";
				PRODUCT_NAME = "$(TARGET_NAME)";
				SWIFT_EMIT_LOC_STRINGS = YES;
				SWIFT_VERSION = 5.0;
				TARGETED_DEVICE_FAMILY = "1,2";
			};
			name = Debug;
		};
		52CC70E9289FDA7000B53299 /* Release */ = {
			isa = XCBuildConfiguration;
			buildSettings = {
				ASSETCATALOG_COMPILER_APPICON_NAME = AppIcon;
				ASSETCATALOG_COMPILER_GLOBAL_ACCENT_COLOR_NAME = AccentColor;
				CODE_SIGN_STYLE = Automatic;
				CURRENT_PROJECT_VERSION = 1;
				DEVELOPMENT_ASSET_PATHS = "\"AnimatedWeatherApp/Preview Content\"";
				ENABLE_PREVIEWS = YES;
				GENERATE_INFOPLIST_FILE = YES;
				INFOPLIST_KEY_UIApplicationSceneManifest_Generation = YES;
				INFOPLIST_KEY_UIApplicationSupportsIndirectInputEvents = YES;
				INFOPLIST_KEY_UILaunchScreen_Generation = YES;
				INFOPLIST_KEY_UISupportedInterfaceOrientations_iPad = "UIInterfaceOrientationPortrait UIInterfaceOrientationPortraitUpsideDown UIInterfaceOrientationLandscapeLeft UIInterfaceOrientationLandscapeRight";
				INFOPLIST_KEY_UISupportedInterfaceOrientations_iPhone = "UIInterfaceOrientationPortrait UIInterfaceOrientationLandscapeLeft UIInterfaceOrientationLandscapeRight";
				LD_RUNPATH_SEARCH_PATHS = (
					"$(inherited)",
					"@executable_path/Frameworks",
				);
				MARKETING_VERSION = 1.0;
				PRODUCT_BUNDLE_IDENTIFIER = "com.rizos-konstantinos.AnimatedWeatherApp";
				PRODUCT_NAME = "$(TARGET_NAME)";
				SWIFT_EMIT_LOC_STRINGS = YES;
				SWIFT_VERSION = 5.0;
				TARGETED_DEVICE_FAMILY = "1,2";
			};
			name = Release;
		};
/* End XCBuildConfiguration section */

/* Begin XCConfigurationList section */
		52CC70D4289FDA6E00B53299 /* Build configuration list for PBXProject "AnimatedWeatherApp" */ = {
			isa = XCConfigurationList;
			buildConfigurations = (
				52CC70E5289FDA7000B53299 /* Debug */,
				52CC70E6289FDA7000B53299 /* Release */,
			);
			defaultConfigurationIsVisible = 0;
			defaultConfigurationName = Release;
		};
		52CC70E7289FDA7000B53299 /* Build configuration list for PBXNativeTarget "AnimatedWeatherApp" */ = {
			isa = XCConfigurationList;
			buildConfigurations = (
				52CC70E8289FDA7000B53299 /* Debug */,
				52CC70E9289FDA7000B53299 /* Release */,
			);
			defaultConfigurationIsVisible = 0;
			defaultConfigurationName = Release;
		};
/* End XCConfigurationList section */

/* Begin XCRemoteSwiftPackageReference section */
		5239035B28B0E6FB00624833 /* XCRemoteSwiftPackageReference "BottomSheet" */ = {
			isa = XCRemoteSwiftPackageReference;
			repositoryURL = "https://github.com/Wouter125/BottomSheet";
			requirement = {
				branch = main;
				kind = branch;
			};
		};
/* End XCRemoteSwiftPackageReference section */

/* Begin XCSwiftPackageProductDependency section */
		5239035C28B0E6FB00624833 /* BottomSheet */ = {
			isa = XCSwiftPackageProductDependency;
			package = 5239035B28B0E6FB00624833 /* XCRemoteSwiftPackageReference "BottomSheet" */;
			productName = BottomSheet;
		};
/* End XCSwiftPackageProductDependency section */
	};
	rootObject = 52CC70D1289FDA6E00B53299 /* Project object */;
}
